NeoBundleLock vimproc 707fc62db79afde8d99a5dea543b829286ef26a2
NeoBundleLock neocomplcache f1ee320781ba1384254151cc17456c500e3bbfe9
NeoBundleLock unite.vim cec560e4b2cc8f0dab14a3d18dca1885b333b6b3
NeoBundleLock jedi-vim 10cd4c6cfb3671c2ac9ced94a1267adc742e4c03
NeoBundleLock neobundle.vim 816d21d99a071cc86ba2ffbb4679dde3b764bed7
NeoBundleLock vim-indent-guides eec1b629dc4cfa3986d20f21d4b4489732cd3f5a
NeoBundleLock tagbar f9c5f24576e82aae5ab8a5480f1ae48615354e40
NeoBundleLock lightline.vim 6f71e12b8530a89bdc9f949cb70589d5289df350
NeoBundleLock vim-quickrun ae97cef42ae142306e9431dce9ab97c4353e5254
NeoBundleLock vim-easymotion 2f4f1b7ee6cab20e6f0f9358a5332ffb3b9cc8e4
